
Microsoft Visual Studio Solution File, Format Version 12.00
# Visual Studio Version 16
VisualStudioVersion = 16.0.29709.97
MinimumVisualStudioVersion = 10.0.40219.1
Project("{FAE04EC0-301F-11D3-BF4B-00C04F79EFBC}") = "excercise4", "excercise4.csproj", "{BE8029E8-A583-4E44-8C8E-CCAC954A29E0}"
EndProject
Global
	GlobalSection(SolutionConfigurationPlatforms) = preSolution
		Debug|Any CPU = Debug|Any CPU
		Release|Any CPU = Release|Any CPU
	EndGlobalSection
	GlobalSection(ProjectConfigurationPlatforms) = postSolution
		{BE8029E8-A583-4E44-8C8E-CCAC954A29E0}.Debug|Any CPU.ActiveCfg = Debug|Any CPU
		{BE8029E8-A583-4E44-8C8E-CCAC954A29E0}.Debug|Any CPU.Build.0 = Debug|Any CPU
		{BE8029E8-A583-4E44-8C8E-CCAC954A29E0}.Release|Any CPU.ActiveCfg = Release|Any CPU
		{BE8029E8-A583-4E44-8C8E-CCAC954A29E0}.Release|Any CPU.Build.0 = Release|Any CPU
	EndGlobalSection
	GlobalSection(SolutionProperties) = preSolution
		HideSolutionNode = FALSE
	EndGlobalSection
	GlobalSection(ExtensibilityGlobals) = postSolution
		SolutionGuid = {953C9F6F-EA12-4240-A4F5-89C36FD074FC}
	EndGlobalSection
EndGlobal
